
Microsoft Visual Studio Solution File, Format Version 12.00
# Visual Studio Version 17
VisualStudioVersion = 17.0.31903.59
MinimumVisualStudioVersion = 10.0.40219.1
Project("{FAE04EC0-301F-11D3-BF4B-00C04F79EFBC}") = "IsNumberOddOrNot", "IsNumberOddOrNot\IsNumberOddOrNot.csproj", "{BC45E619-5BA6-4697-84C7-86CD7F43AFF2}"
EndProject
Project("{FAE04EC0-301F-11D3-BF4B-00C04F79EFBC}") = "GreathestNumber", "GreathestNumber\GreathestNumber.csproj", "{F80CADFB-6E6A-4E8C-8481-140A6C14BE18}"
EndProject
Project("{FAE04EC0-301F-11D3-BF4B-00C04F79EFBC}") = "Shared", "Shared\Shared.csproj", "{325C98AB-F92C-4457-8557-7A3A6BB62F50}"
EndProject
Project("{FAE04EC0-301F-11D3-BF4B-00C04F79EFBC}") = "SortNumbers", "SortNumbers\SortNumbers.csproj", "{02D45D49-8AD0-481F-B8FF-1F524B2E454A}"
EndProject
Global
	GlobalSection(SolutionConfigurationPlatforms) = preSolution
		Debug|Any CPU = Debug|Any CPU
		Debug|x64 = Debug|x64
		Debug|x86 = Debug|x86
		Release|Any CPU = Release|Any CPU
		Release|x64 = Release|x64
		Release|x86 = Release|x86
	EndGlobalSection
	GlobalSection(ProjectConfigurationPlatforms) = postSolution
		{BC45E619-5BA6-4697-84C7-86CD7F43AFF2}.Debug|Any CPU.ActiveCfg = Debug|Any CPU
		{BC45E619-5BA6-4697-84C7-86CD7F43AFF2}.Debug|Any CPU.Build.0 = Debug|Any CPU
		{BC45E619-5BA6-4697-84C7-86CD7F43AFF2}.Debug|x64.ActiveCfg = Debug|Any CPU
		{BC45E619-5BA6-4697-84C7-86CD7F43AFF2}.Debug|x64.Build.0 = Debug|Any CPU
		{BC45E619-5BA6-4697-84C7-86CD7F43AFF2}.Debug|x86.ActiveCfg = Debug|Any CPU
		{BC45E619-5BA6-4697-84C7-86CD7F43AFF2}.Debug|x86.Build.0 = Debug|Any CPU
		{BC45E619-5BA6-4697-84C7-86CD7F43AFF2}.Release|Any CPU.ActiveCfg = Release|Any CPU
		{BC45E619-5BA6-4697-84C7-86CD7F43AFF2}.Release|Any CPU.Build.0 = Release|Any CPU
		{BC45E619-5BA6-4697-84C7-86CD7F43AFF2}.Release|x64.ActiveCfg = Release|Any CPU
		{BC45E619-5BA6-4697-84C7-86CD7F43AFF2}.Release|x64.Build.0 = Release|Any CPU
		{BC45E619-5BA6-4697-84C7-86CD7F43AFF2}.Release|x86.ActiveCfg = Release|Any CPU
		{BC45E619-5BA6-4697-84C7-86CD7F43AFF2}.Release|x86.Build.0 = Release|Any CPU
		{F80CADFB-6E6A-4E8C-8481-140A6C14BE18}.Debug|Any CPU.ActiveCfg = Debug|Any CPU
		{F80CADFB-6E6A-4E8C-8481-140A6C14BE18}.Debug|Any CPU.Build.0 = Debug|Any CPU
		{F80CADFB-6E6A-4E8C-8481-140A6C14BE18}.Debug|x64.ActiveCfg = Debug|Any CPU
		{F80CADFB-6E6A-4E8C-8481-140A6C14BE18}.Debug|x64.Build.0 = Debug|Any CPU
		{F80CADFB-6E6A-4E8C-8481-140A6C14BE18}.Debug|x86.ActiveCfg = Debug|Any CPU
		{F80CADFB-6E6A-4E8C-8481-140A6C14BE18}.Debug|x86.Build.0 = Debug|Any CPU
		{F80CADFB-6E6A-4E8C-8481-140A6C14BE18}.Release|Any CPU.ActiveCfg = Release|Any CPU
		{F80CADFB-6E6A-4E8C-8481-140A6C14BE18}.Release|Any CPU.Build.0 = Release|Any CPU
		{F80CADFB-6E6A-4E8C-8481-140A6C14BE18}.Release|x64.ActiveCfg = Release|Any CPU
		{F80CADFB-6E6A-4E8C-8481-140A6C14BE18}.Release|x64.Build.0 = Release|Any CPU
		{F80CADFB-6E6A-4E8C-8481-140A6C14BE18}.Release|x86.ActiveCfg = Release|Any CPU
		{F80CADFB-6E6A-4E8C-8481-140A6C14BE18}.Release|x86.Build.0 = Release|Any CPU
		{325C98AB-F92C-4457-8557-7A3A6BB62F50}.Debug|Any CPU.ActiveCfg = Debug|Any CPU
		{325C98AB-F92C-4457-8557-7A3A6BB62F50}.Debug|Any CPU.Build.0 = Debug|Any CPU
		{325C98AB-F92C-4457-8557-7A3A6BB62F50}.Debug|x64.ActiveCfg = Debug|Any CPU
		{325C98AB-F92C-4457-8557-7A3A6BB62F50}.Debug|x64.Build.0 = Debug|Any CPU
		{325C98AB-F92C-4457-8557-7A3A6BB62F50}.Debug|x86.ActiveCfg = Debug|Any CPU
		{325C98AB-F92C-4457-8557-7A3A6BB62F50}.Debug|x86.Build.0 = Debug|Any CPU
		{325C98AB-F92C-4457-8557-7A3A6BB62F50}.Release|Any CPU.ActiveCfg = Release|Any CPU
		{325C98AB-F92C-4457-8557-7A3A6BB62F50}.Release|Any CPU.Build.0 = Release|Any CPU
		{325C98AB-F92C-4457-8557-7A3A6BB62F50}.Release|x64.ActiveCfg = Release|Any CPU
		{325C98AB-F92C-4457-8557-7A3A6BB62F50}.Release|x64.Build.0 = Release|Any CPU
		{325C98AB-F92C-4457-8557-7A3A6BB62F50}.Release|x86.ActiveCfg = Release|Any CPU
		{325C98AB-F92C-4457-8557-7A3A6BB62F50}.Release|x86.Build.0 = Release|Any CPU
		{02D45D49-8AD0-481F-B8FF-1F524B2E454A}.Debug|Any CPU.ActiveCfg = Debug|Any CPU
		{02D45D49-8AD0-481F-B8FF-1F524B2E454A}.Debug|Any CPU.Build.0 = Debug|Any CPU
		{02D45D49-8AD0-481F-B8FF-1F524B2E454A}.Debug|x64.ActiveCfg = Debug|Any CPU
		{02D45D49-8AD0-481F-B8FF-1F524B2E454A}.Debug|x64.Build.0 = Debug|Any CPU
		{02D45D49-8AD0-481F-B8FF-1F524B2E454A}.Debug|x86.ActiveCfg = Debug|Any CPU
		{02D45D49-8AD0-481F-B8FF-1F524B2E454A}.Debug|x86.Build.0 = Debug|Any CPU
		{02D45D49-8AD0-481F-B8FF-1F524B2E454A}.Release|Any CPU.ActiveCfg = Release|Any CPU
		{02D45D49-8AD0-481F-B8FF-1F524B2E454A}.Release|Any CPU.Build.0 = Release|Any CPU
		{02D45D49-8AD0-481F-B8FF-1F524B2E454A}.Release|x64.ActiveCfg = Release|Any CPU
		{02D45D49-8AD0-481F-B8FF-1F524B2E454A}.Release|x64.Build.0 = Release|Any CPU
		{02D45D49-8AD0-481F-B8FF-1F524B2E454A}.Release|x86.ActiveCfg = Release|Any CPU
		{02D45D49-8AD0-481F-B8FF-1F524B2E454A}.Release|x86.Build.0 = Release|Any CPU
	EndGlobalSection
	GlobalSection(SolutionProperties) = preSolution
		HideSolutionNode = FALSE
	EndGlobalSection
EndGlobal
